%{
  "artificery": {:hex, :artificery, "0.4.3", "0bc4260f988dcb9dda4b23f9fc3c6c8b99a6220a331534fdf5bf2fd0d4333b02", [:mix], [], "hexpm", "12e95333a30e20884e937abdbefa3e7f5e05609c2ba8cf37b33f000b9ffc0504"},
  "bamboo": {:hex, :bamboo, "0.8.0", "573889a3efcb906bb9d25a1c4caa4ca22f479235e1b8cc3260d8b88dabeb4b14", [:mix], [{:hackney, "~> 1.6", [hex: :hackney, repo: "hexpm", optional: false]}, {:plug, "~> 1.0", [hex: :plug, repo: "hexpm", optional: false]}, {:poison, ">= 1.5.0", [hex: :poison, repo: "hexpm", optional: false]}], "hexpm", "855f00da717b91853d549c8c84b411785aec30c0ef31f45bccd723f4fbbdb6b5"},
  "bamboo_smtp": {:hex, :bamboo_smtp, "1.4.0", "a01d91406f3a46b3452c84d345d50f75d6facca5e06337358287a97da0426240", [:mix], [{:bamboo, "~> 0.8.0", [hex: :bamboo, repo: "hexpm", optional: false]}, {:gen_smtp, "~> 0.12.0", [hex: :gen_smtp, repo: "hexpm", optional: false]}], "hexpm", "4d150065f213228a3a02618a302a8836a4063b84108f84f15f9c88755aaee677"},
  "base64url": {:hex, :base64url, "0.0.1", "36a90125f5948e3afd7be97662a1504b934dd5dac78451ca6e9abf85a10286be", [:rebar], [], "hexpm", "fab09b20e3f5db886725544cbcf875b8e73ec93363954eb8a1a9ed834aa8c1f9"},
  "bodyguard": {:hex, :bodyguard, "1.0.0", "611f636762dadd706f166438cf59d7334ed3dc173cc9db26bacd114d7c051abf", [:mix], [{:plug, "~> 1.0", [hex: :plug, repo: "hexpm", optional: false]}], "hexpm", "45fb709c9eba6d297724be9f3826c35e4453dc55044d3aa1dad9c6f62a9be0cc"},
  "cachex": {:git, "https://github.com/whitfin/cachex.git", "2adca97a8b70920931a5af1489401688c4b30f4c", []},
  "castore": {:hex, :castore, "1.0.1", "240b9edb4e9e94f8f56ab39d8d2d0a57f49e46c56aced8f873892df8ff64ff5a", [:mix], [], "hexpm", "b4951de93c224d44fac71614beabd88b71932d0b1dea80d2f80fb9044e01bbb3"},
  "certifi": {:hex, :certifi, "2.5.2", "b7cfeae9d2ed395695dd8201c57a2d019c0c43ecaf8b8bcb9320b40d6662f340", [:rebar3], [{:parse_trans, "~>3.3", [hex: :parse_trans, repo: "hexpm", optional: false]}], "hexpm", "3b3b5f36493004ac3455966991eaf6e768ce9884693d9968055aeeeb1e575040"},
  "combine": {:hex, :combine, "0.10.0", "eff8224eeb56498a2af13011d142c5e7997a80c8f5b97c499f84c841032e429f", [:mix], [], "hexpm", "1b1dbc1790073076580d0d1d64e42eae2366583e7aecd455d1215b0d16f2451b"},
  "connection": {:hex, :connection, "1.0.4", "a1cae72211f0eef17705aaededacac3eb30e6625b04a6117c1b2db6ace7d5976", [:mix], [], "hexpm", "4a0850c9be22a43af9920a71ab17c051f5f7d45c209e40269a1938832510e4d9"},
  "cors_plug": {:hex, :cors_plug, "1.2.1", "bbe1381a52e4a16e609cf3c4cbfde6884726a58b9a1a205db104dbdfc542f447", [:mix], [{:plug, "> 0.8.0", [hex: :plug, repo: "hexpm", optional: false]}], "hexpm", "86c565546c800e602bb7900faeff4f059c20d24142cb54aee87d2b6316925e09"},
  "cowboy": {:hex, :cowboy, "2.9.0", "865dd8b6607e14cf03282e10e934023a1bd8be6f6bacf921a7e2a96d800cd452", [:make, :rebar3], [{:cowlib, "2.11.0", [hex: :cowlib, repo: "hexpm", optional: false]}, {:ranch, "1.8.0", [hex: :ranch, repo: "hexpm", optional: false]}], "hexpm", "2c729f934b4e1aa149aff882f57c6372c15399a20d54f65c8d67bef583021bde"},
  "cowboy_telemetry": {:hex, :cowboy_telemetry, "0.3.1", "ebd1a1d7aff97f27c66654e78ece187abdc646992714164380d8a041eda16754", [:rebar3], [{:cowboy, "~> 2.7", [hex: :cowboy, repo: "hexpm", optional: false]}, {:telemetry, "~> 0.4", [hex: :telemetry, repo: "hexpm", optional: false]}], "hexpm", "3a6efd3366130eab84ca372cbd4a7d3c3a97bdfcfb4911233b035d117063f0af"},
  "cowlib": {:hex, :cowlib, "2.11.0", "0b9ff9c346629256c42ebe1eeb769a83c6cb771a6ee5960bd110ab0b9b872063", [:make, :rebar3], [], "hexpm", "2b3e9da0b21c4565751a6d4901c20d1b4cc25cbb7fd50d91d2ab6dd287bc86a9"},
  "crontab": {:hex, :crontab, "1.1.5", "2c9439506ceb0e9045de75879e994b88d6f0be88bfe017d58cb356c66c4a5482", [:mix], [{:ecto, "~> 1.0 or ~> 2.0 or ~> 3.0", [hex: :ecto, repo: "hexpm", optional: true]}], "hexpm", "be38e047e84bfcee40b60c365fe086dc8b3419efdf7baef9fcca6285bbcf9d00"},
  "csv": {:hex, :csv, "2.1.1", "a4c1a7c30d2151b6e4976cb2f52c0a1d49ec965afb737ed84a684bc4284d1627", [:mix], [{:parallel_stream, "~> 1.0.4", [hex: :parallel_stream, repo: "hexpm", optional: false]}], "hexpm", "3ae8ec4e98a44850d494d8441c8896631c295b3541cac791e56ea0885ba7df3f"},
  "db_connection": {:hex, :db_connection, "2.5.0", "bb6d4f30d35ded97b29fe80d8bd6f928a1912ca1ff110831edcd238a1973652c", [:mix], [{:telemetry, "~> 0.4 or ~> 1.0", [hex: :telemetry, repo: "hexpm", optional: false]}], "hexpm", "c92d5ba26cd69ead1ff7582dbb860adeedfff39774105a4f1c92cbb654b55aa2"},
  "decimal": {:hex, :decimal, "2.0.0", "a78296e617b0f5dd4c6caf57c714431347912ffb1d0842e998e9792b5642d697", [:mix], [], "hexpm", "34666e9c55dea81013e77d9d87370fe6cb6291d1ef32f46a1600230b1d44f577"},
  "distillery": {:hex, :distillery, "2.1.1", "f9332afc2eec8a1a2b86f22429e068ef35f84a93ea1718265e740d90dd367814", [:mix], [{:artificery, "~> 0.2", [hex: :artificery, repo: "hexpm", optional: false]}], "hexpm", "bbc7008b0161a6f130d8d903b5b3232351fccc9c31a991f8fcbf2a12ace22995"},
  "ecto": {:hex, :ecto, "3.1.4", "69d852da7a9f04ede725855a35ede48d158ca11a404fe94f8b2fb3b2162cd3c9", [:mix], [{:decimal, "~> 1.6", [hex: :decimal, repo: "hexpm", optional: false]}, {:jason, "~> 1.0", [hex: :jason, repo: "hexpm", optional: true]}], "hexpm", "d3c38bf0887d44f442d3ebdcd71486d1eafcb3ffb7d3779c3428959c1360203d"},
  "ecto_enum": {:hex, :ecto_enum, "1.2.0", "9ead3ee04efc4cb68a50560a9d9ebb665dd697f957f1c3df8e81bf863cf7a4e9", [:mix], [{:ecto, ">= 2.0.0", [hex: :ecto, repo: "hexpm", optional: false]}, {:mariaex, ">= 0.0.0", [hex: :mariaex, repo: "hexpm", optional: true]}, {:postgrex, ">= 0.0.0", [hex: :postgrex, repo: "hexpm", optional: true]}], "hexpm", "a503529b988b9ac068a08967cf91de883a7e621ca17a1c45c0a191733a21f1a4"},
  "ecto_sql": {:hex, :ecto_sql, "3.1.2", "529908c0ab6aac9465a429fd13552b0cca86ee338c19bec61a4d2df2d6c9ab31", [:mix], [{:db_connection, "~> 2.0", [hex: :db_connection, repo: "hexpm", optional: false]}, {:ecto, "~> 3.1.0", [hex: :ecto, repo: "hexpm", optional: false]}, {:mariaex, "~> 0.9.1", [hex: :mariaex, repo: "hexpm", optional: true]}, {:myxql, "~> 0.2.0", [hex: :myxql, repo: "hexpm", optional: true]}, {:postgrex, "~> 0.14.0", [hex: :postgrex, repo: "hexpm", optional: true]}, {:telemetry, "~> 0.4.0", [hex: :telemetry, repo: "hexpm", optional: false]}], "hexpm", "0652b5d75545fd69d39e77fd0b9bcd13158cee07f116113df7fa5e7004d2a351"},
  "eternal": {:hex, :eternal, "1.2.0", "e2a6b6ce3b8c248f7dc31451aefca57e3bdf0e48d73ae5043229380a67614c41", [:mix], [], "hexpm", "e5a04291aa775eeb5a5583f99118be6b77e81e8e43e84a2e8a974bf95793c7d7"},
  "ex_aws": {:hex, :ex_aws, "2.2.5", "013c5c6a1ff4ff09266b3904d3d65d8f9717edbd52f760470469af8b36c860f7", [:mix], [{:configparser_ex, "~> 4.0", [hex: :configparser_ex, repo: "hexpm", optional: true]}, {:hackney, "~> 1.16", [hex: :hackney, repo: "hexpm", optional: true]}, {:jason, "~> 1.1", [hex: :jason, repo: "hexpm", optional: true]}, {:jsx, "~> 3.0", [hex: :jsx, repo: "hexpm", optional: true]}, {:sweet_xml, "~> 0.6", [hex: :sweet_xml, repo: "hexpm", optional: true]}, {:telemetry, "~> 0.4.3", [hex: :telemetry, repo: "hexpm", optional: false]}], "hexpm", "e8da4c3470e8e249f406013d2cc42f7f80a71c3f2dad51aba7155d028a13868b"},
  "ex_aws_s3": {:hex, :ex_aws_s3, "2.0.2", "c0258bbdfea55de4f98f0b2f0ca61fe402cc696f573815134beb1866e778f47b", [:mix], [{:ex_aws, "~> 2.0", [hex: :ex_aws, repo: "hexpm", optional: false]}, {:sweet_xml, ">= 0.0.0", [hex: :sweet_xml, repo: "hexpm", optional: true]}], "hexpm", "0569f5b211b1a3b12b705fe2a9d0e237eb1360b9d76298028df2346cad13097a"},
  "flasked": {:hex, :flasked, "0.4.0", "f61b1ad53a30c39ac2e82f6dab0d97961f003a6cbc6cb2338a0ceab9bdd5b92e", [:mix], [], "hexpm", "8499535ce20f8e9d2e38ce7e9ecac1a9fc5f402f3f0ab58661c1ed8795f3178c"},
  "flow": {:hex, :flow, "0.14.3", "0d92991fe53035894d24aa8dec10dcfccf0ae00c4ed436ace3efa9813a646902", [:mix], [{:gen_stage, "~> 0.14.0", [hex: :gen_stage, repo: "hexpm", optional: false]}], "hexpm", "da6177f8d04f663a2894e38f9b55b293c69cb230c60f81bb8c090eb713aa4a45"},
  "fs": {:hex, :fs, "0.9.2", "ed17036c26c3f70ac49781ed9220a50c36775c6ca2cf8182d123b6566e49ec59", [:rebar], [], "hexpm", "9a00246e8af58cdf465ae7c48fd6fd7ba2e43300413dfcc25447ecd3bf76f0c1"},
  "gen_smtp": {:hex, :gen_smtp, "0.14.0", "39846a03522456077c6429b4badfd1d55e5e7d0fdfb65e935b7c5e38549d9202", [:rebar3], [], "hexpm", "d32d796c947fa35dc5e8f20706877bb8c8584b16c4eedf3315083f983959d82b"},
  "gen_stage": {:hex, :gen_stage, "0.14.1", "9d46723fda072d4f4bb31a102560013f7960f5d80ea44dcb96fd6304ed61e7a4", [:mix], [], "hexpm", "967dd5f2469ba77a8a54eef247c0f08a022f89b627a5b121b18cd224a513042f"},
  "gen_state_machine": {:hex, :gen_state_machine, "2.0.5", "9ac15ec6e66acac994cc442dcc2c6f9796cf380ec4b08267223014be1c728a95", [:mix], [], "hexpm", "5cacd405e72b2609a7e1f891bddb80c53d0b3b7b0036d1648e7382ca108c41c8"},
  "gettext": {:hex, :gettext, "0.16.1", "e2130b25eebcbe02bb343b119a07ae2c7e28bd4b146c4a154da2ffb2b3507af2", [:mix], [], "hexpm", "dd3a7ea5e3e87ee9df29452dd9560709b4c7cc8141537d0b070155038d92bdf1"},
  "hackney": {:git, "https://github.com/benoitc/hackney.git", "039db6033b9f81d75c9b0b672f9f8b96e9111575", []},
  "httpoison": {:hex, :httpoison, "2.1.0", "655fd9a7b0b95ee3e9a3b535cf7ac8e08ef5229bab187fa86ac4208b122d934b", [:mix], [{:hackney, "~> 1.17", [hex: :hackney, repo: "hexpm", optional: false]}], "hexpm", "fc455cb4306b43827def4f57299b2d5ac8ac331cb23f517e734a4b78210a160c"},
  "idna": {:hex, :idna, "6.0.1", "1d038fb2e7668ce41fbf681d2c45902e52b3cb9e9c77b55334353b222c2ee50c", [:rebar3], [{:unicode_util_compat, "0.5.0", [hex: :unicode_util_compat, repo: "hexpm", optional: false]}], "hexpm", "a02c8a1c4fd601215bb0b0324c8a6986749f807ce35f25449ec9e69758708122"},
  "inflex": {:hex, :inflex, "1.6.0", "2c0c9928cd865e3b47cfaaa15c3520dfdb8c6ba5829d036296deb766f2aba770", [:mix], [], "hexpm", "e5ca9ea3243530188340a3777b65ea340dbcb1d960cd5a03015e4f936ed2d2ca"},
  "ja_serializer": {:hex, :ja_serializer, "0.14.1", "cfbba387ca8965b8f06a4c8a55c1a058bd35f4a70770fdff8552eb0beeea59c8", [:mix], [{:inflex, "~> 1.4", [hex: :inflex, repo: "hexpm", optional: false]}, {:plug, "> 1.0.0", [hex: :plug, repo: "hexpm", optional: false]}, {:scrivener, "~> 1.2 or ~> 2.0", [hex: :scrivener, repo: "hexpm", optional: true]}], "hexpm", "8025953cb34ae922ac324ab07fc14390cdb0c09c85968e1f096efe2aa3131cb5"},
  "jason": {:hex, :jason, "1.4.0", "e855647bc964a44e2f67df589ccf49105ae039d4179db7f6271dfd3843dc27e6", [:mix], [{:decimal, "~> 1.0 or ~> 2.0", [hex: :decimal, repo: "hexpm", optional: true]}], "hexpm", "79a3791085b2a0f743ca04cec0f7be26443738779d09302e01318f97bdb82121"},
  "joken": {:hex, :joken, "1.5.0", "42a0953e80bd933fc98a0874e156771f78bf0e92abe6c3a9c22feb6da28efb0b", [:mix], [{:jose, "~> 1.8", [hex: :jose, repo: "hexpm", optional: false]}, {:plug, "~> 1.0", [hex: :plug, repo: "hexpm", optional: true]}, {:poison, "~> 1.5 or ~> 2.0 or ~> 3.0", [hex: :poison, repo: "hexpm", optional: true]}], "hexpm", "b161e49dcf44b060407979fbc9c8085c3350f8fda4c60b25c0d5748a7f595aaf"},
  "jose": {:hex, :jose, "1.11.2", "f4c018ccf4fdce22c71e44d471f15f723cb3efab5d909ab2ba202b5bf35557b3", [:mix, :rebar3], [], "hexpm", "98143fbc48d55f3a18daba82d34fe48959d44538e9697c08f34200fa5f0947d2"},
  "jsonrpc2": {:hex, :jsonrpc2, "2.0.0", "247277a14f8492e537c11e3e7e5580982de46afa2cd97f2d74a5f41805f021bb", [:mix], [{:cowboy, "~> 2.4 or ~> 1.1", [hex: :cowboy, repo: "hexpm", optional: true]}, {:hackney, "~> 1.6", [hex: :hackney, repo: "hexpm", optional: true]}, {:jason, "~> 1.0", [hex: :jason, repo: "hexpm", optional: true]}, {:jiffy, "~> 1.0 or ~> 0.14", [hex: :jiffy, repo: "hexpm", optional: true]}, {:plug, "~> 1.3", [hex: :plug, repo: "hexpm", optional: true]}, {:plug_cowboy, "~> 2.0", [hex: :plug_cowboy, repo: "hexpm", optional: true]}, {:poison, "~> 4.0 or ~> 3.0 or ~> 2.0", [hex: :poison, repo: "hexpm", optional: true]}, {:ranch, "~> 1.2", [hex: :ranch, repo: "hexpm", optional: true]}, {:shackle, "~> 0.3", [hex: :shackle, repo: "hexpm", optional: true]}], "hexpm", "2b23f7b588a30b47bd0d8b51899b1f91e0358b7f072354090e5225e862d0ff45"},
  "keccakf1600": {:hex, :keccakf1600, "0.0.1", "c9f1f4abfc54c41c5abff5116c705bdfee63b21831008f361f00b70a10bf4c38", [:rebar3], [], "hexpm", "aab55e4bb0da204e3f3660f5657f2d823daa93423b7162bf23f4512e112a811c"},
  "libdecaf": {:hex, :libdecaf, "0.0.4", "c1caa4c4aaea356f89372debd0a672251111c2b2236e1b1e8a0f5bc271b60af4", [:rebar3], [], "hexpm", "e4cdc48f8e0634b8b8507b2245667a3fa7dd4dab1dbb01f508e7ca880667a05d"},
  "libring": {:hex, :libring, "1.4.0", "41246ba2f3fbc76b3971f6bce83119dfec1eee17e977a48d8a9cfaaf58c2a8d6", [:mix], [], "hexpm", "1feaf05ee886815ad047cad7ede17d6910710986148ae09cf73eee2989717b81"},
  "mariaex": {:hex, :mariaex, "0.9.1", "83266fec657ea68dd426f4bbc12594be45ee91fe162ebf1bf017ce3cfa098ddd", [:mix], [{:db_connection, "~> 2.0", [hex: :db_connection, repo: "hexpm", optional: false]}, {:decimal, "~> 1.2", [hex: :decimal, repo: "hexpm", optional: false]}, {:poison, ">= 0.0.0", [hex: :poison, repo: "hexpm", optional: true]}], "hexpm", "b09f7b1a4eccde9829d8eeaab7126e9c7bd652398df6fd2c2334436e92fdec62"},
  "metrics": {:hex, :metrics, "1.0.1", "25f094dea2cda98213cecc3aeff09e940299d950904393b2a29d191c346a8486", [:rebar3], [], "hexpm", "69b09adddc4f74a40716ae54d140f93beb0fb8978d8636eaded0c31b6f099f16"},
  "mime": {:hex, :mime, "2.0.3", "3676436d3d1f7b81b5a2d2bd8405f412c677558c81b1c92be58c00562bb59095", [:mix], [], "hexpm", "27a30bf0db44d25eecba73755acf4068cbfe26a4372f9eb3e4ea3a45956bff6b"},
  "mimerl": {:hex, :mimerl, "1.2.0", "67e2d3f571088d5cfd3e550c383094b47159f3eee8ffa08e64106cdf5e981be3", [:rebar3], [], "hexpm", "f278585650aa581986264638ebf698f8bb19df297f66ad91b18910dfc6e19323"},
  "mongodb": {:hex, :mongodb, "1.0.0", "535a7e5d231ec12cd9ff5469e6a7abb68b411521b94b34f00c95659d242c5fe1", [:mix], [{:db_connection, "~> 2.4.0", [hex: :db_connection, repo: "hexpm", optional: false]}, {:decimal, "~> 2.0.0", [hex: :decimal, repo: "hexpm", optional: false]}], "hexpm", "0976a35cdaa0aa69cd52db6a69cb43da8b21e0df0b24c65ec1b98a9d1c17b29d"},
  "mustache": {:hex, :mustache, "0.3.1", "4c6ee79b13aae954035fe31b83c94480ddc7b536d09c44d4c65e61a9ead38d6b", [:mix], [], "hexpm", "8dc92b9b92a0d7449628f4fc981f8018a16a5b8c9907249e59db461482dac143"},
  "myxql": {:hex, :myxql, "0.6.3", "3d77683a09f1227abb8b73d66b275262235c5cae68182f0cfa5897d72a03700e", [:mix], [{:db_connection, "~> 2.4.1 or ~> 2.5", [hex: :db_connection, repo: "hexpm", optional: false]}, {:decimal, "~> 1.6 or ~> 2.0", [hex: :decimal, repo: "hexpm", optional: false]}, {:geo, "~> 3.4", [hex: :geo, repo: "hexpm", optional: true]}, {:jason, "~> 1.0", [hex: :jason, repo: "hexpm", optional: true]}, {:table, "~> 0.1.0", [hex: :table, repo: "hexpm", optional: true]}], "hexpm", "af9eb517ddaced5c5c28e8749015493757fd4413f2cfccea449c466d405d9f51"},
  "numerix": {:hex, :numerix, "0.5.1", "f7511ab028719eeecc2a55d9244508b647e407cde6b17693558ea1e05c233039", [:mix], [{:flow, "~> 0.13", [hex: :flow, repo: "hexpm", optional: false]}], "hexpm", "c9ab7c204c8d0553fdf199766eba76f3cb63b96048d6dc9cc8d4fe366def28b1"},
  "oauth2": {:hex, :oauth2, "2.0.0", "338382079fe16c514420fa218b0903f8ad2d4bfc0ad0c9f988867dfa246731b0", [:mix], [{:hackney, "~> 1.13", [hex: :hackney, repo: "hexpm", optional: false]}], "hexpm", "881b8364ac7385f9fddc7949379cbe3f7081da37233a1aa7aab844670a91e7e7"},
  "oban": {:hex, :oban, "0.2.0", "eee659078173cdfa8c07bc8ddf8d698743c74fb842a5445eb08556122b652fec", [:mix], [{:ecto_sql, "~> 3.1", [hex: :ecto_sql, repo: "hexpm", optional: false]}, {:jason, "~> 1.1", [hex: :jason, repo: "hexpm", optional: false]}, {:postgrex, "~> 0.14", [hex: :postgrex, repo: "hexpm", optional: false]}, {:telemetry, "~> 0.4", [hex: :telemetry, repo: "hexpm", optional: false]}], "hexpm", "4195dcbee3b5ae616217feaf836d5f6ffd101abdc9f7977110cc8515aabd67d0"},
  "observer_cli": {:hex, :observer_cli, "1.7.4", "3c1bfb6d91bf68f6a3d15f46ae20da0f7740d363ee5bc041191ce8722a6c4fae", [:mix, :rebar3], [{:recon, "~>2.5.1", [hex: :recon, repo: "hexpm", optional: false]}], "hexpm", "50de6d95d814f447458bd5d72666a74624eddb0ef98bdcee61a0153aae0865ff"},
  "parallel_stream": {:hex, :parallel_stream, "1.0.6", "b967be2b23f0f6787fab7ed681b4c45a215a81481fb62b01a5b750fa8f30f76c", [:mix], [], "hexpm", "639b2e8749e11b87b9eb42f2ad325d161c170b39b288ac8d04c4f31f8f0823eb"},
  "parse_trans": {:hex, :parse_trans, "3.3.0", "09765507a3c7590a784615cfd421d101aec25098d50b89d7aa1d66646bc571c1", [:rebar3], [], "hexpm", "17ef63abde837ad30680ea7f857dd9e7ced9476cdd7b0394432af4bfc241b960"},
  "phoenix": {:hex, :phoenix, "1.6.14", "57678366dc1d5bad49832a0fc7f12c2830c10d3eacfad681bfe9602cd4445f04", [:mix], [{:castore, ">= 0.0.0", [hex: :castore, repo: "hexpm", optional: false]}, {:jason, "~> 1.0", [hex: :jason, repo: "hexpm", optional: true]}, {:phoenix_pubsub, "~> 2.0", [hex: :phoenix_pubsub, repo: "hexpm", optional: false]}, {:phoenix_view, "~> 1.0", [hex: :phoenix_view, repo: "hexpm", optional: false]}, {:plug, "~> 1.10", [hex: :plug, repo: "hexpm", optional: false]}, {:plug_cowboy, "~> 2.2", [hex: :plug_cowboy, repo: "hexpm", optional: true]}, {:plug_crypto, "~> 1.2", [hex: :plug_crypto, repo: "hexpm", optional: false]}, {:telemetry, "~> 0.4 or ~> 1.0", [hex: :telemetry, repo: "hexpm", optional: false]}], "hexpm", "d48c0da00b3d4cd1aad6055387917491af9f6e1f1e96cedf6c6b7998df9dba26"},
  "phoenix_ecto": {:hex, :phoenix_ecto, "3.2.3", "450c749876ff1de4a78fdb305a142a76817c77a1cd79aeca29e5fc9a6c630b26", [:mix], [{:ecto, "~> 2.1", [hex: :ecto, repo: "hexpm", optional: false]}, {:phoenix_html, "~> 2.9", [hex: :phoenix_html, repo: "hexpm", optional: true]}, {:plug, "~> 1.0", [hex: :plug, repo: "hexpm", optional: false]}], "hexpm"},
  "phoenix_html": {:hex, :phoenix_html, "2.14.3", "51f720d0d543e4e157ff06b65de38e13303d5778a7919bcc696599e5934271b8", [:mix], [{:plug, "~> 1.5", [hex: :plug, repo: "hexpm", optional: false]}], "hexpm", "efd697a7fff35a13eeeb6b43db884705cba353a1a41d127d118fda5f90c8e80f"},
  "phoenix_live_reload": {:hex, :phoenix_live_reload, "1.0.8", "4333f9c74190f485a74866beff2f9304f069d53f047f5fbb0fb8d1ee4c495f73", [:mix], [{:fs, "~> 0.9.1", [hex: :fs, repo: "hexpm", optional: false]}, {:phoenix, "~> 1.0 or ~> 1.2-rc", [hex: :phoenix, repo: "hexpm", optional: false]}], "hexpm", "af4d9faeb655ef933cf66fd4d83f8bb0146ab0da30c81cfbdc2152825970fa76"},
  "phoenix_pubsub": {:hex, :phoenix_pubsub, "2.1.1", "ba04e489ef03763bf28a17eb2eaddc2c20c6d217e2150a61e3298b0f4c2012b5", [:mix], [], "hexpm", "81367c6d1eea5878ad726be80808eb5a787a23dee699f96e72b1109c57cdd8d9"},
  "phoenix_view": {:hex, :phoenix_view, "1.1.2", "1b82764a065fb41051637872c7bd07ed2fdb6f5c3bd89684d4dca6e10115c95a", [:mix], [{:phoenix_html, "~> 2.14.2 or ~> 3.0", [hex: :phoenix_html, repo: "hexpm", optional: true]}], "hexpm", "7ae90ad27b09091266f6adbb61e1d2516a7c3d7062c6789d46a7554ec40f3a56"},
  "plug": {:hex, :plug, "1.13.6", "187beb6b67c6cec50503e940f0434ea4692b19384d47e5fdfd701e93cadb4cc2", [:mix], [{:mime, "~> 1.0 or ~> 2.0", [hex: :mime, repo: "hexpm", optional: false]}, {:plug_crypto, "~> 1.1.1 or ~> 1.2", [hex: :plug_crypto, repo: "hexpm", optional: false]}, {:telemetry, "~> 0.4.3 or ~> 1.0", [hex: :telemetry, repo: "hexpm", optional: false]}], "hexpm", "02b9c6b9955bce92c829f31d6284bf53c591ca63c4fb9ff81dfd0418667a34ff"},
  "plug_cowboy": {:hex, :plug_cowboy, "2.5.2", "62894ccd601cf9597e2c23911ff12798a8a18d237e9739f58a6b04e4988899fe", [:mix], [{:cowboy, "~> 2.7", [hex: :cowboy, repo: "hexpm", optional: false]}, {:cowboy_telemetry, "~> 0.3", [hex: :cowboy_telemetry, repo: "hexpm", optional: false]}, {:plug, "~> 1.7", [hex: :plug, repo: "hexpm", optional: false]}], "hexpm", "ea6e87f774c8608d60c8d34022a7d073bd7680a0a013f049fc62bf35efea1044"},
  "plug_crypto": {:hex, :plug_crypto, "1.2.3", "8f77d13aeb32bfd9e654cb68f0af517b371fb34c56c9f2b58fe3df1235c1251a", [:mix], [], "hexpm", "b5672099c6ad5c202c45f5a403f21a3411247f164e4a8fab056e5cd8a290f4a2"},
  "poison": {:hex, :poison, "3.1.0", "d9eb636610e096f86f25d9a46f35a9facac35609a7591b3be3326e99a0484665", [:mix], [], "hexpm", "fec8660eb7733ee4117b85f55799fd3833eb769a6df71ccf8903e8dc5447cfce"},
  "poolboy": {:hex, :poolboy, "1.5.2", "392b007a1693a64540cead79830443abf5762f5d30cf50bc95cb2c1aaafa006b", [:rebar3], [], "hexpm"},
  "postgrex": {:hex, :postgrex, "0.17.1", "01c29fd1205940ee55f7addb8f1dc25618ca63a8817e56fac4f6846fc2cddcbe", [:mix], [{:db_connection, "~> 2.1", [hex: :db_connection, repo: "hexpm", optional: false]}, {:decimal, "~> 1.5 or ~> 2.0", [hex: :decimal, repo: "hexpm", optional: false]}, {:jason, "~> 1.0", [hex: :jason, repo: "hexpm", optional: true]}, {:table, "~> 0.1.0", [hex: :table, repo: "hexpm", optional: true]}], "hexpm", "14b057b488e73be2beee508fb1955d8db90d6485c6466428fe9ccf1d6692a555"},
  "quantum": {:hex, :quantum, "2.3.4", "72a0e8855e2adc101459eac8454787cb74ab4169de6ca50f670e72142d4960e9", [:mix], [{:calendar, "~> 0.17", [hex: :calendar, repo: "hexpm", optional: true]}, {:crontab, "~> 1.1", [hex: :crontab, repo: "hexpm", optional: false]}, {:gen_stage, "~> 0.12", [hex: :gen_stage, repo: "hexpm", optional: false]}, {:swarm, "~> 3.3", [hex: :swarm, repo: "hexpm", optional: false]}, {:timex, "~> 3.1", [hex: :timex, repo: "hexpm", optional: true]}], "hexpm", "6de553ba9ac0668d3728b699d5065543f3e40c854154017461ee8c09038752da"},
  "ranch": {:hex, :ranch, "1.8.0", "8c7a100a139fd57f17327b6413e4167ac559fbc04ca7448e9be9057311597a1d", [:make, :rebar3], [], "hexpm", "49fbcfd3682fab1f5d109351b61257676da1a2fdbe295904176d5e521a2ddfe5"},
  "recon": {:hex, :recon, "2.5.3", "739107b9050ea683c30e96de050bc59248fd27ec147696f79a8797ff9fa17153", [:mix, :rebar3], [], "hexpm", "6c6683f46fd4a1dfd98404b9f78dcabc7fcd8826613a89dcb984727a8c3099d7"},
  "redix": {:hex, :redix, "1.2.1", "edf7392c0fa08708f5869e301aad20445f72ebc1949ea1c2496eaf344c845a0d", [:mix], [{:castore, "~> 0.1.0 or ~> 1.0", [hex: :castore, repo: "hexpm", optional: true]}, {:telemetry, "~> 0.4.0 or ~> 1.0", [hex: :telemetry, repo: "hexpm", optional: false]}], "hexpm", "62608edd20a47b458a30737fd734e6f73d1f1665f3ca7821c1ee8f9abc725f11"},
  "secure_random": {:hex, :secure_random, "0.5.1", "c5532b37c89d175c328f5196a0c2a5680b15ebce3e654da37129a9fe40ebf51b", [:mix], [], "hexpm", "1b9754f15e3940a143baafd19da12293f100044df69ea12db5d72878312ae6ab"},
  "sql_dust": {:git, "https://github.com/adityaU/sql_dust.git", "fab33430ac0067bcf3423fa8ff7c7d4c5699d6f0", []},
  "ssl_verify_fun": {:hex, :ssl_verify_fun, "1.1.6", "cf344f5692c82d2cd7554f5ec8fd961548d4fd09e7d22f5b62482e5aeaebd4b0", [:make, :mix, :rebar3], [], "hexpm", "bdb0d2471f453c88ff3908e7686f86f9be327d065cc1ec16fa4540197ea04680"},
  "swarm": {:hex, :swarm, "3.4.0", "64f8b30055d74640d2186c66354b33b999438692a91be275bb89cdc7e401f448", [:mix], [{:gen_state_machine, "~> 2.0", [hex: :gen_state_machine, repo: "hexpm", optional: false]}, {:libring, "~> 1.0", [hex: :libring, repo: "hexpm", optional: false]}], "hexpm", "94884f84783fc1ba027aba8fe8a7dae4aad78c98e9f9c76667ec3471585c08c6"},
  "sweet_xml": {:hex, :sweet_xml, "0.6.6", "fc3e91ec5dd7c787b6195757fbcf0abc670cee1e4172687b45183032221b66b8", [:mix], [], "hexpm", "2e1ec458f892ffa81f9f8386e3f35a1af6db7a7a37748a64478f13163a1f3573"},
  "task_after": {:hex, :task_after, "1.1.0", "364810c2632997af61ceddf839d4512c69f34fe9ffa6d7a9d75574a59f62486c", [:mix], [], "hexpm"},
  "telemetry": {:hex, :telemetry, "0.4.3", "a06428a514bdbc63293cd9a6263aad00ddeb66f608163bdec7c8995784080818", [:rebar3], [], "hexpm", "eb72b8365ffda5bed68a620d1da88525e326cb82a75ee61354fc24b844768041"},
  "timex": {:hex, :timex, "3.5.0", "b0a23167da02d0fe4f1a4e104d1f929a00d348502b52432c05de875d0b9cffa5", [:mix], [{:combine, "~> 0.10", [hex: :combine, repo: "hexpm", optional: false]}, {:gettext, "~> 0.10", [hex: :gettext, repo: "hexpm", optional: false]}, {:tzdata, "~> 0.1.8 or ~> 0.5", [hex: :tzdata, repo: "hexpm", optional: false]}], "hexpm", "b8fd8c9fcfaef1fa9c415e0792e2e82783c7ec8a282dfceef7d48158d4cfb3e1"},
  "tzdata": {:hex, :tzdata, "0.5.20", "304b9e98a02840fb32a43ec111ffbe517863c8566eb04a061f1c4dbb90b4d84c", [:mix], [{:hackney, "~> 1.0", [hex: :hackney, repo: "hexpm", optional: false]}], "hexpm", "e91aa533aeeff51dcb0f279de494823389ade9eb5cee703fe5e3236f622adbf0"},
  "unicode_util_compat": {:hex, :unicode_util_compat, "0.5.0", "8516502659002cec19e244ebd90d312183064be95025a319a6c7e89f4bccd65b", [:rebar3], [], "hexpm", "d48d002e15f5cc105a696cf2f1bbb3fc72b4b770a184d8420c8db20da2674b38"},
  "unsafe": {:hex, :unsafe, "1.0.0", "7c21742cd05380c7875546b023481d3a26f52df8e5dfedcb9f958f322baae305", [:mix], [], "hexpm", "142fe25c189749555735b8c9fd2a720007d1f79d5786829fe0baf20552a70d39"},
}
